
Microsoft Visual Studio Solution File, Format Version 12.00
# Visual Studio 15
VisualStudioVersion = 15.0.27004.2002
MinimumVisualStudioVersion = 10.0.40219.1
Project("{FAE04EC0-301F-11D3-BF4B-00C04F79EFBC}") = "CinePax.Android", "CinePax\CinePax.Android\CinePax.Android.csproj", "{BE7E056A-63FC-4F55-83A1-508B4CE73359}"
EndProject
Project("{FAE04EC0-301F-11D3-BF4B-00C04F79EFBC}") = "CinePax", "CinePax\CinePax\CinePax.csproj", "{F77C5D65-4576-40E6-8AD2-729676CD9B57}"
EndProject
Project("{FAE04EC0-301F-11D3-BF4B-00C04F79EFBC}") = "CinePax.iOS", "CinePax\CinePax.iOS\CinePax.iOS.csproj", "{8145915F-667C-4D9D-B230-28964086AB42}"
EndProject
Global
	GlobalSection(SolutionConfigurationPlatforms) = preSolution
		Ad-Hoc|Any CPU = Ad-Hoc|Any CPU
		Ad-Hoc|iPhone = Ad-Hoc|iPhone
		Ad-Hoc|iPhoneSimulator = Ad-Hoc|iPhoneSimulator
		AppStore|Any CPU = AppStore|Any CPU
		AppStore|iPhone = AppStore|iPhone
		AppStore|iPhoneSimulator = AppStore|iPhoneSimulator
		Debug|Any CPU = Debug|Any CPU
		Debug|iPhone = Debug|iPhone
		Debug|iPhoneSimulator = Debug|iPhoneSimulator
		Release|Any CPU = Release|Any CPU
		Release|iPhone = Release|iPhone
		Release|iPhoneSimulator = Release|iPhoneSimulator
	EndGlobalSection
	GlobalSection(ProjectConfigurationPlatforms) = postSolution
		{BE7E056A-63FC-4F55-83A1-508B4CE73359}.Ad-Hoc|Any CPU.ActiveCfg = Release|Any CPU
		{BE7E056A-63FC-4F55-83A1-508B4CE73359}.Ad-Hoc|Any CPU.Build.0 = Release|Any CPU
		{BE7E056A-63FC-4F55-83A1-508B4CE73359}.Ad-Hoc|Any CPU.Deploy.0 = Release|Any CPU
		{BE7E056A-63FC-4F55-83A1-508B4CE73359}.Ad-Hoc|iPhone.ActiveCfg = Release|Any CPU
		{BE7E056A-63FC-4F55-83A1-508B4CE73359}.Ad-Hoc|iPhone.Build.0 = Release|Any CPU
		{BE7E056A-63FC-4F55-83A1-508B4CE73359}.Ad-Hoc|iPhone.Deploy.0 = Release|Any CPU
		{BE7E056A-63FC-4F55-83A1-508B4CE73359}.Ad-Hoc|iPhoneSimulator.ActiveCfg = Release|Any CPU
		{BE7E056A-63FC-4F55-83A1-508B4CE73359}.Ad-Hoc|iPhoneSimulator.Build.0 = Release|Any CPU
		{BE7E056A-63FC-4F55-83A1-508B4CE73359}.Ad-Hoc|iPhoneSimulator.Deploy.0 = Release|Any CPU
		{BE7E056A-63FC-4F55-83A1-508B4CE73359}.AppStore|Any CPU.ActiveCfg = Release|Any CPU
		{BE7E056A-63FC-4F55-83A1-508B4CE73359}.AppStore|Any CPU.Build.0 = Release|Any CPU
		{BE7E056A-63FC-4F55-83A1-508B4CE73359}.AppStore|Any CPU.Deploy.0 = Release|Any CPU
		{BE7E056A-63FC-4F55-83A1-508B4CE73359}.AppStore|iPhone.ActiveCfg = Release|Any CPU
		{BE7E056A-63FC-4F55-83A1-508B4CE73359}.AppStore|iPhone.Build.0 = Release|Any CPU
		{BE7E056A-63FC-4F55-83A1-508B4CE73359}.AppStore|iPhone.Deploy.0 = Release|Any CPU
		{BE7E056A-63FC-4F55-83A1-508B4CE73359}.AppStore|iPhoneSimulator.ActiveCfg = Release|Any CPU
		{BE7E056A-63FC-4F55-83A1-508B4CE73359}.AppStore|iPhoneSimulator.Build.0 = Release|Any CPU
		{BE7E056A-63FC-4F55-83A1-508B4CE73359}.AppStore|iPhoneSimulator.Deploy.0 = Release|Any CPU
		{BE7E056A-63FC-4F55-83A1-508B4CE73359}.Debug|Any CPU.ActiveCfg = Debug|Any CPU
		{BE7E056A-63FC-4F55-83A1-508B4CE73359}.Debug|Any CPU.Build.0 = Debug|Any CPU
		{BE7E056A-63FC-4F55-83A1-508B4CE73359}.Debug|Any CPU.Deploy.0 = Debug|Any CPU
		{BE7E056A-63FC-4F55-83A1-508B4CE73359}.Debug|iPhone.ActiveCfg = Debug|Any CPU
		{BE7E056A-63FC-4F55-83A1-508B4CE73359}.Debug|iPhone.Build.0 = Debug|Any CPU
		{BE7E056A-63FC-4F55-83A1-508B4CE73359}.Debug|iPhone.Deploy.0 = Debug|Any CPU
		{BE7E056A-63FC-4F55-83A1-508B4CE73359}.Debug|iPhoneSimulator.ActiveCfg = Debug|Any CPU
		{BE7E056A-63FC-4F55-83A1-508B4CE73359}.Debug|iPhoneSimulator.Build.0 = Debug|Any CPU
		{BE7E056A-63FC-4F55-83A1-508B4CE73359}.Debug|iPhoneSimulator.Deploy.0 = Debug|Any CPU
		{BE7E056A-63FC-4F55-83A1-508B4CE73359}.Release|Any CPU.ActiveCfg = Release|Any CPU
		{BE7E056A-63FC-4F55-83A1-508B4CE73359}.Release|Any CPU.Build.0 = Release|Any CPU
		{BE7E056A-63FC-4F55-83A1-508B4CE73359}.Release|Any CPU.Deploy.0 = Release|Any CPU
		{BE7E056A-63FC-4F55-83A1-508B4CE73359}.Release|iPhone.ActiveCfg = Release|Any CPU
		{BE7E056A-63FC-4F55-83A1-508B4CE73359}.Release|iPhone.Build.0 = Release|Any CPU
		{BE7E056A-63FC-4F55-83A1-508B4CE73359}.Release|iPhone.Deploy.0 = Release|Any CPU
		{BE7E056A-63FC-4F55-83A1-508B4CE73359}.Release|iPhoneSimulator.ActiveCfg = Release|Any CPU
		{BE7E056A-63FC-4F55-83A1-508B4CE73359}.Release|iPhoneSimulator.Build.0 = Release|Any CPU
		{BE7E056A-63FC-4F55-83A1-508B4CE73359}.Release|iPhoneSimulator.Deploy.0 = Release|Any CPU
		{F77C5D65-4576-40E6-8AD2-729676CD9B57}.Ad-Hoc|Any CPU.ActiveCfg = Release|Any CPU
		{F77C5D65-4576-40E6-8AD2-729676CD9B57}.Ad-Hoc|Any CPU.Build.0 = Release|Any CPU
		{F77C5D65-4576-40E6-8AD2-729676CD9B57}.Ad-Hoc|iPhone.ActiveCfg = Release|Any CPU
		{F77C5D65-4576-40E6-8AD2-729676CD9B57}.Ad-Hoc|iPhone.Build.0 = Release|Any CPU
		{F77C5D65-4576-40E6-8AD2-729676CD9B57}.Ad-Hoc|iPhoneSimulator.ActiveCfg = Release|Any CPU
		{F77C5D65-4576-40E6-8AD2-729676CD9B57}.Ad-Hoc|iPhoneSimulator.Build.0 = Release|Any CPU
		{F77C5D65-4576-40E6-8AD2-729676CD9B57}.AppStore|Any CPU.ActiveCfg = Release|Any CPU
		{F77C5D65-4576-40E6-8AD2-729676CD9B57}.AppStore|Any CPU.Build.0 = Release|Any CPU
		{F77C5D65-4576-40E6-8AD2-729676CD9B57}.AppStore|iPhone.ActiveCfg = Release|Any CPU
		{F77C5D65-4576-40E6-8AD2-729676CD9B57}.AppStore|iPhone.Build.0 = Release|Any CPU
		{F77C5D65-4576-40E6-8AD2-729676CD9B57}.AppStore|iPhoneSimulator.ActiveCfg = Release|Any CPU
		{F77C5D65-4576-40E6-8AD2-729676CD9B57}.AppStore|iPhoneSimulator.Build.0 = Release|Any CPU
		{F77C5D65-4576-40E6-8AD2-729676CD9B57}.Debug|Any CPU.ActiveCfg = Debug|Any CPU
		{F77C5D65-4576-40E6-8AD2-729676CD9B57}.Debug|Any CPU.Build.0 = Debug|Any CPU
		{F77C5D65-4576-40E6-8AD2-729676CD9B57}.Debug|iPhone.ActiveCfg = Debug|Any CPU
		{F77C5D65-4576-40E6-8AD2-729676CD9B57}.Debug|iPhone.Build.0 = Debug|Any CPU
		{F77C5D65-4576-40E6-8AD2-729676CD9B57}.Debug|iPhoneSimulator.ActiveCfg = Debug|Any CPU
		{F77C5D65-4576-40E6-8AD2-729676CD9B57}.Debug|iPhoneSimulator.Build.0 = Debug|Any CPU
		{F77C5D65-4576-40E6-8AD2-729676CD9B57}.Release|Any CPU.ActiveCfg = Release|Any CPU
		{F77C5D65-4576-40E6-8AD2-729676CD9B57}.Release|Any CPU.Build.0 = Release|Any CPU
		{F77C5D65-4576-40E6-8AD2-729676CD9B57}.Release|iPhone.ActiveCfg = Release|Any CPU
		{F77C5D65-4576-40E6-8AD2-729676CD9B57}.Release|iPhone.Build.0 = Release|Any CPU
		{F77C5D65-4576-40E6-8AD2-729676CD9B57}.Release|iPhoneSimulator.ActiveCfg = Release|Any CPU
		{F77C5D65-4576-40E6-8AD2-729676CD9B57}.Release|iPhoneSimulator.Build.0 = Release|Any CPU
		{8145915F-667C-4D9D-B230-28964086AB42}.Ad-Hoc|Any CPU.ActiveCfg = Ad-Hoc|iPhoneSimulator
		{8145915F-667C-4D9D-B230-28964086AB42}.Ad-Hoc|iPhone.ActiveCfg = Ad-Hoc|iPhone
		{8145915F-667C-4D9D-B230-28964086AB42}.Ad-Hoc|iPhone.Build.0 = Ad-Hoc|iPhone
		{8145915F-667C-4D9D-B230-28964086AB42}.Ad-Hoc|iPhoneSimulator.ActiveCfg = Ad-Hoc|iPhoneSimulator
		{8145915F-667C-4D9D-B230-28964086AB42}.Ad-Hoc|iPhoneSimulator.Build.0 = Ad-Hoc|iPhoneSimulator
		{8145915F-667C-4D9D-B230-28964086AB42}.AppStore|Any CPU.ActiveCfg = AppStore|iPhoneSimulator
		{8145915F-667C-4D9D-B230-28964086AB42}.AppStore|iPhone.ActiveCfg = AppStore|iPhone
		{8145915F-667C-4D9D-B230-28964086AB42}.AppStore|iPhone.Build.0 = AppStore|iPhone
		{8145915F-667C-4D9D-B230-28964086AB42}.AppStore|iPhoneSimulator.ActiveCfg = AppStore|iPhoneSimulator
		{8145915F-667C-4D9D-B230-28964086AB42}.AppStore|iPhoneSimulator.Build.0 = AppStore|iPhoneSimulator
		{8145915F-667C-4D9D-B230-28964086AB42}.Debug|Any CPU.ActiveCfg = Debug|iPhoneSimulator
		{8145915F-667C-4D9D-B230-28964086AB42}.Debug|iPhone.ActiveCfg = Debug|iPhone
		{8145915F-667C-4D9D-B230-28964086AB42}.Debug|iPhone.Build.0 = Debug|iPhone
		{8145915F-667C-4D9D-B230-28964086AB42}.Debug|iPhoneSimulator.ActiveCfg = Debug|iPhoneSimulator
		{8145915F-667C-4D9D-B230-28964086AB42}.Debug|iPhoneSimulator.Build.0 = Debug|iPhoneSimulator
		{8145915F-667C-4D9D-B230-28964086AB42}.Release|Any CPU.ActiveCfg = Release|iPhoneSimulator
		{8145915F-667C-4D9D-B230-28964086AB42}.Release|iPhone.ActiveCfg = Release|iPhone
		{8145915F-667C-4D9D-B230-28964086AB42}.Release|iPhone.Build.0 = Release|iPhone
		{8145915F-667C-4D9D-B230-28964086AB42}.Release|iPhoneSimulator.ActiveCfg = Release|iPhoneSimulator
		{8145915F-667C-4D9D-B230-28964086AB42}.Release|iPhoneSimulator.Build.0 = Release|iPhoneSimulator
	EndGlobalSection
	GlobalSection(SolutionProperties) = preSolution
		HideSolutionNode = FALSE
	EndGlobalSection
	GlobalSection(ExtensibilityGlobals) = postSolution
		SolutionGuid = {DC1DF5D9-61D7-4075-B102-13C1DC950D85}
	EndGlobalSection
EndGlobal
